
Microsoft Visual Studio Solution File, Format Version 12.00
# Visual Studio 2012
Project("{FAE04EC0-301F-11D3-BF4B-00C04F79EFBC}") = "Lab06", "Lab06\Lab06.csproj", "{26BF68E0-F031-499D-9611-8C2E4149FF94}"
EndProject
Global
	GlobalSection(SolutionConfigurationPlatforms) = preSolution
		Debug|iPhoneSimulator = Debug|iPhoneSimulator
		Release|iPhone = Release|iPhone
		Release|iPhoneSimulator = Release|iPhoneSimulator
		Debug|iPhone = Debug|iPhone
	EndGlobalSection
	GlobalSection(ProjectConfigurationPlatforms) = postSolution
		{26BF68E0-F031-499D-9611-8C2E4149FF94}.Debug|iPhoneSimulator.ActiveCfg = Debug|iPhoneSimulator
		{26BF68E0-F031-499D-9611-8C2E4149FF94}.Debug|iPhoneSimulator.Build.0 = Debug|iPhoneSimulator
		{26BF68E0-F031-499D-9611-8C2E4149FF94}.Release|iPhone.ActiveCfg = Release|iPhone
		{26BF68E0-F031-499D-9611-8C2E4149FF94}.Release|iPhone.Build.0 = Release|iPhone
		{26BF68E0-F031-499D-9611-8C2E4149FF94}.Release|iPhoneSimulator.ActiveCfg = Release|iPhoneSimulator
		{26BF68E0-F031-499D-9611-8C2E4149FF94}.Release|iPhoneSimulator.Build.0 = Release|iPhoneSimulator
		{26BF68E0-F031-499D-9611-8C2E4149FF94}.Debug|iPhone.ActiveCfg = Debug|iPhone
		{26BF68E0-F031-499D-9611-8C2E4149FF94}.Debug|iPhone.Build.0 = Debug|iPhone
	EndGlobalSection
EndGlobal
